
Microsoft Visual Studio Solution File, Format Version 12.00
# Visual Studio 15
VisualStudioVersion = 15.0.28307.168
MinimumVisualStudioVersion = 10.0.40219.1
Project("{FAE04EC0-301F-11D3-BF4B-00C04F79EFBC}") = "Editor", "Editor\Editor.csproj", "{B7E123C9-04EF-4C5A-8641-3424EEA95AA5}"
EndProject
Global
	GlobalSection(SolutionConfigurationPlatforms) = preSolution
		Debug|Any CPU = Debug|Any CPU
		Release|Any CPU = Release|Any CPU
	EndGlobalSection
	GlobalSection(ProjectConfigurationPlatforms) = postSolution
		{B7E123C9-04EF-4C5A-8641-3424EEA95AA5}.Debug|Any CPU.ActiveCfg = Debug|Any CPU
		{B7E123C9-04EF-4C5A-8641-3424EEA95AA5}.Debug|Any CPU.Build.0 = Debug|Any CPU
		{B7E123C9-04EF-4C5A-8641-3424EEA95AA5}.Release|Any CPU.ActiveCfg = Release|Any CPU
		{B7E123C9-04EF-4C5A-8641-3424EEA95AA5}.Release|Any CPU.Build.0 = Release|Any CPU
	EndGlobalSection
	GlobalSection(SolutionProperties) = preSolution
		HideSolutionNode = FALSE
	EndGlobalSection
	GlobalSection(ExtensibilityGlobals) = postSolution
		SolutionGuid = {1A74C369-3182-43CC-B18A-0C360F1EBCCF}
	EndGlobalSection
EndGlobal
